#MicroXplorer Configuration settings - do not modify
CAD.formats=
CAD.pinconfig=
CAD.provider=
File.Version=6
GPIO.groupedBy=
KeepUserPlacement=false
Mcu.CPN=STM32F411RET6
Mcu.Family=STM32F4
Mcu.IP0=CRC
Mcu.IP1=NVIC
Mcu.IP2=RCC
Mcu.IP3=SYS
Mcu.IP4=USART1
Mcu.IPNb=5
Mcu.Name=STM32F411R(C-E)Tx
Mcu.Package=LQFP64
Mcu.Pin0=PC14-OSC32_IN
Mcu.Pin1=PC15-OSC32_OUT
Mcu.Pin10=VP_STMicroelectronics.X-CUBE-AI_VS_ArtificialOoIntelligenceJjXAaCUBEAaAI_7.3.0
Mcu.Pin11=VP_STMicroelectronics.X-CUBE-AI_VS_DeviceJjApplication_7.3.0
Mcu.Pin2=PH0 - OSC_IN
Mcu.Pin3=PH1 - OSC_OUT
Mcu.Pin4=PA9
Mcu.Pin5=PA10
Mcu.Pin6=PA13
Mcu.Pin7=PA14
Mcu.Pin8=VP_CRC_VS_CRC
Mcu.Pin9=VP_SYS_VS_Systick
Mcu.PinsNb=12
Mcu.ThirdParty0=STMicroelectronics.X-CUBE-AI.7.3.0
Mcu.ThirdPartyNb=1
Mcu.UserConstants=
Mcu.UserName=STM32F411RETx
MxCube.Version=6.9.2
MxDb.Version=DB.6.0.92
NVIC.BusFault_IRQn=true\:0\:0\:false\:false\:true\:false\:false\:false
NVIC.DebugMonitor_IRQn=true\:0\:0\:false\:false\:true\:false\:false\:false
NVIC.ForceEnableDMAVector=true
NVIC.HardFault_IRQn=true\:0\:0\:false\:false\:true\:false\:false\:false
NVIC.MemoryManagement_IRQn=true\:0\:0\:false\:false\:true\:false\:false\:false
NVIC.NonMaskableInt_IRQn=true\:0\:0\:false\:false\:true\:false\:false\:false
NVIC.PendSV_IRQn=true\:0\:0\:false\:false\:true\:false\:false\:false
NVIC.PriorityGroup=NVIC_PRIORITYGROUP_4
NVIC.SVCall_IRQn=true\:0\:0\:false\:false\:true\:false\:false\:false
NVIC.SysTick_IRQn=true\:15\:0\:false\:false\:true\:false\:true\:false
NVIC.UsageFault_IRQn=true\:0\:0\:false\:false\:true\:false\:false\:false
PA10.Mode=Asynchronous
PA10.Signal=USART1_RX
PA13.Mode=Serial_Wire
PA13.Signal=SYS_JTMS-SWDIO
PA14.Mode=Serial_Wire
PA14.Signal=SYS_JTCK-SWCLK
PA9.Mode=Asynchronous
PA9.Signal=USART1_TX
PC14-OSC32_IN.Mode=LSE-External-Oscillator
PC14-OSC32_IN.Signal=RCC_OSC32_IN
PC15-OSC32_OUT.Mode=LSE-External-Oscillator
PC15-OSC32_OUT.Signal=RCC_OSC32_OUT
PH0\ -\ OSC_IN.Mode=HSE-External-Oscillator
PH0\ -\ OSC_IN.Signal=RCC_OSC_IN
PH1\ -\ OSC_OUT.Mode=HSE-External-Oscillator
PH1\ -\ OSC_OUT.Signal=RCC_OSC_OUT
PinOutPanel.RotationAngle=0
ProjectManager.AskForMigrate=true
ProjectManager.BackupPrevious=false
ProjectManager.CompilerOptimize=6
ProjectManager.ComputerToolchain=false
ProjectManager.CoupleFile=true
ProjectManager.CustomerFirmwarePackage=
ProjectManager.DefaultFWLocation=true
ProjectManager.DeletePrevious=true
ProjectManager.DeviceId=STM32F411RETx
ProjectManager.FirmwarePackage=STM32Cube FW_F4 V1.27.1
ProjectManager.FreePins=false
ProjectManager.HalAssertFull=false
ProjectManager.HeapSize=0x800
ProjectManager.KeepUserCode=true
ProjectManager.LastFirmware=true
ProjectManager.LibraryCopy=1
ProjectManager.MainLocation=Core/Src
ProjectManager.NoMain=false
ProjectManager.PreviousToolchain=
ProjectManager.ProjectBuild=false
ProjectManager.ProjectFileName=NN_Test.ioc
ProjectManager.ProjectName=NN_Test
ProjectManager.ProjectStructure=
ProjectManager.RegisterCallBack=
ProjectManager.StackSize=0x800
ProjectManager.TargetToolchain=MDK-ARM V5.32
ProjectManager.ToolChainLocation=
ProjectManager.UAScriptAfterPath=
ProjectManager.UAScriptBeforePath=
ProjectManager.UnderRoot=false
ProjectManager.functionlistsort=1-SystemClock_Config-RCC-false-HAL-false,2-MX_GPIO_Init-GPIO-false-HAL-true,3-MX_CRC_Init-CRC-false-HAL-true,4-MX_USART1_UART_Init-USART1-true-HAL-false,5-MX_X_CUBE_AI_Init-STMicroelectronics.X-CUBE-AI.7.3.0-false-HAL-false,6-MX_X_CUBE_AI_Process-STMicroelectronics.X-CUBE-AI.7.3.0-false-HAL-false
RCC.48MHZClocksFreq_Value=28571428.57142857
RCC.AHBFreq_Value=100000000
RCC.APB1CLKDivider=RCC_HCLK_DIV2
RCC.APB1Freq_Value=50000000
RCC.APB1TimFreq_Value=100000000
RCC.APB2Freq_Value=100000000
RCC.APB2TimFreq_Value=100000000
RCC.CortexFreq_Value=100000000
RCC.EthernetFreq_Value=100000000
RCC.FCLKCortexFreq_Value=100000000
RCC.FLatency-AdvancedSettings=FLASH_LATENCY_3
RCC.FamilyName=M
RCC.HCLKFreq_Value=100000000
RCC.HSE_VALUE=25000000
RCC.HSI_VALUE=16000000
RCC.I2SClocksFreq_Value=150000000
RCC.IPParameters=48MHZClocksFreq_Value,AHBFreq_Value,APB1CLKDivider,APB1Freq_Value,APB1TimFreq_Value,APB2Freq_Value,APB2TimFreq_Value,CortexFreq_Value,EthernetFreq_Value,FCLKCortexFreq_Value,FLatency-AdvancedSettings,FamilyName,HCLKFreq_Value,HSE_VALUE,HSI_VALUE,I2SClocksFreq_Value,LSI_VALUE,MCO2PinFreq_Value,PLLCLKFreq_Value,PLLM,PLLMUL,PLLN,PLLQ,PLLQCLKFreq_Value,PLLSourceVirtual,RCC_PLLsource_Clock_Source_FROM_HSE,RTCFreq_Value,RTCHSEDivFreq_Value,SYSCLKFreq_VALUE,SYSCLKSource,SYSCLKSourceVirtual,VCOI2SOutputFreq_Value,VCOInputFreq_Value,VCOInputMFreq_Value,VCOOutputFreq_Value,VcooutputI2S
RCC.LSI_VALUE=32000
RCC.MCO2PinFreq_Value=100000000
RCC.PLLCLKFreq_Value=100000000
RCC.PLLM=12
RCC.PLLMUL=RCC_PLL_MUL9
RCC.PLLN=96
RCC.PLLQ=7
RCC.PLLQCLKFreq_Value=28571428.57142857
RCC.PLLSourceVirtual=RCC_PLLSOURCE_HSE
RCC.RCC_PLLsource_Clock_Source_FROM_HSE=RCC_HSE_PREDIV_DIV2
RCC.RTCFreq_Value=32000
RCC.RTCHSEDivFreq_Value=12500000
RCC.SYSCLKFreq_VALUE=100000000
RCC.SYSCLKSource=RCC_SYSCLKSOURCE_PLLCLK
RCC.SYSCLKSourceVirtual=RCC_SYSCLKSOURCE_PLLCLK
RCC.VCOI2SOutputFreq_Value=300000000
RCC.VCOInputFreq_Value=2083333.3333333333
RCC.VCOInputMFreq_Value=1562500
RCC.VCOOutputFreq_Value=200000000
RCC.VcooutputI2S=150000000
STMicroelectronics.X-CUBE-AI.7.3.0.ActivationBufferSizeList=1988
STMicroelectronics.X-CUBE-AI.7.3.0.ActivationBuffers=pool0
STMicroelectronics.X-CUBE-AI.7.3.0.ActivationNames=pool0
STMicroelectronics.X-CUBE-AI.7.3.0.ActivationSizes=AI_NETWORK_SINE_DATA_ACTIVATION_1_SIZE
STMicroelectronics.X-CUBE-AI.7.3.0.ApplicationCcDeviceJjApplication=SystemPerformance
STMicroelectronics.X-CUBE-AI.7.3.0.ArtificialOoIntelligenceJjXAaCUBEAaAI_Checked=true
STMicroelectronics.X-CUBE-AI.7.3.0.BSP.number=1
STMicroelectronics.X-CUBE-AI.7.3.0.DeviceJjApplication_Checked=true
STMicroelectronics.X-CUBE-AI.7.3.0.HeapSize=0x800
STMicroelectronics.X-CUBE-AI.7.3.0.IPParameters=XAaCUBEAaAICcArtificialOoIntelligenceJjCore,ApplicationCcDeviceJjApplication,HeapSize,StackSize,ModelName-c80b343361c132c5753fcce3f9eaa7e0a7176e07c9767c1b590734e67d68ec00,ModelType-c80b343361c132c5753fcce3f9eaa7e0a7176e07c9767c1b590734e67d68ec00,ModelKind-c80b343361c132c5753fcce3f9eaa7e0a7176e07c9767c1b590734e67d68ec00,ModelCompression-c80b343361c132c5753fcce3f9eaa7e0a7176e07c9767c1b590734e67d68ec00,ModelHashList,ModelNameList,WorkingBufferStartAddrList,LatestDirectoryUsed-c80b343361c132c5753fcce3f9eaa7e0a7176e07c9767c1b590734e67d68ec00,ModelStructureFile-c80b343361c132c5753fcce3f9eaa7e0a7176e07c9767c1b590734e67d68ec00,ModelMacc-c80b343361c132c5753fcce3f9eaa7e0a7176e07c9767c1b590734e67d68ec00,ModelActualCompression-c80b343361c132c5753fcce3f9eaa7e0a7176e07c9767c1b590734e67d68ec00,ModelRamOccupation-c80b343361c132c5753fcce3f9eaa7e0a7176e07c9767c1b590734e67d68ec00,ModelFlashOccupation-c80b343361c132c5753fcce3f9eaa7e0a7176e07c9767c1b590734e67d68ec00,copyWeightToRam,useInputAllocation,useOutputAllocation,customLayerConfigEnabled,ActivationBuffers,ActivationSizes,ActivationNames,InternalRamActivationBufferMaxSize,ActivationBufferSizeList,MaximumNumberOfInputLayer,MaximumNumberOfOutputLayer,MaximumSizeOfInputLayer,MaximumSizeOfOutputLayer,ReadyForCodeGeneration
STMicroelectronics.X-CUBE-AI.7.3.0.InternalRamActivationBufferMaxSize=AI_NETWORK_SINE_DATA_ACTIVATIONS_SIZE
STMicroelectronics.X-CUBE-AI.7.3.0.LatestDirectoryUsed-c80b343361c132c5753fcce3f9eaa7e0a7176e07c9767c1b590734e67d68ec00=E\:\\projects\\Github_Projects\\FryPie-F411DevKit\\2.software\\2.Improve-chapter\\1.CubeAI\u5DE5\u5177\u4F7F\u7528\\python_code
STMicroelectronics.X-CUBE-AI.7.3.0.MaximumNumberOfInputLayer=1
STMicroelectronics.X-CUBE-AI.7.3.0.MaximumNumberOfOutputLayer=1
STMicroelectronics.X-CUBE-AI.7.3.0.MaximumSizeOfInputLayer=1
STMicroelectronics.X-CUBE-AI.7.3.0.MaximumSizeOfOutputLayer=1
STMicroelectronics.X-CUBE-AI.7.3.0.ModelActualCompression-c80b343361c132c5753fcce3f9eaa7e0a7176e07c9767c1b590734e67d68ec00=0.0
STMicroelectronics.X-CUBE-AI.7.3.0.ModelCompression-c80b343361c132c5753fcce3f9eaa7e0a7176e07c9767c1b590734e67d68ec00=None
STMicroelectronics.X-CUBE-AI.7.3.0.ModelFlashOccupation-c80b343361c132c5753fcce3f9eaa7e0a7176e07c9767c1b590734e67d68ec00=12744
STMicroelectronics.X-CUBE-AI.7.3.0.ModelHashList=c80b343361c132c5753fcce3f9eaa7e0a7176e07c9767c1b590734e67d68ec00
STMicroelectronics.X-CUBE-AI.7.3.0.ModelKind-c80b343361c132c5753fcce3f9eaa7e0a7176e07c9767c1b590734e67d68ec00=TFLITE
STMicroelectronics.X-CUBE-AI.7.3.0.ModelMacc-c80b343361c132c5753fcce3f9eaa7e0a7176e07c9767c1b590734e67d68ec00=231
STMicroelectronics.X-CUBE-AI.7.3.0.ModelName-c80b343361c132c5753fcce3f9eaa7e0a7176e07c9767c1b590734e67d68ec00=network_sine
STMicroelectronics.X-CUBE-AI.7.3.0.ModelNameList=network_sine
STMicroelectronics.X-CUBE-AI.7.3.0.ModelRamOccupation-c80b343361c132c5753fcce3f9eaa7e0a7176e07c9767c1b590734e67d68ec00=1988
STMicroelectronics.X-CUBE-AI.7.3.0.ModelStructureFile-c80b343361c132c5753fcce3f9eaa7e0a7176e07c9767c1b590734e67d68ec00=/E\:/projects/Github_Projects/FryPie-F411DevKit/2.software/2.Improve-chapter/1.CubeAI\u5DE5\u5177\u4F7F\u7528/python_code/sine_calcu.tflite
STMicroelectronics.X-CUBE-AI.7.3.0.ModelType-c80b343361c132c5753fcce3f9eaa7e0a7176e07c9767c1b590734e67d68ec00=STM32Cube.AI runtime
STMicroelectronics.X-CUBE-AI.7.3.0.ReadyForCodeGeneration=true
STMicroelectronics.X-CUBE-AI.7.3.0.StackSize=0x800
STMicroelectronics.X-CUBE-AI.7.3.0.WorkingBufferStartAddrList=0xFFFFFFFF
STMicroelectronics.X-CUBE-AI.7.3.0.XAaCUBEAaAICcArtificialOoIntelligenceJjCore=true
STMicroelectronics.X-CUBE-AI.7.3.0.copyWeightToRam=false
STMicroelectronics.X-CUBE-AI.7.3.0.customLayerConfigEnabled=false
STMicroelectronics.X-CUBE-AI.7.3.0.useInputAllocation=true
STMicroelectronics.X-CUBE-AI.7.3.0.useOutputAllocation=true
STMicroelectronics.X-CUBE-AI.7.3.00.BSP.STBoard=false
STMicroelectronics.X-CUBE-AI.7.3.00.BSP.api=Unknown
STMicroelectronics.X-CUBE-AI.7.3.00.BSP.component=
STMicroelectronics.X-CUBE-AI.7.3.00.BSP.condition=\!SEMDeviceJjApplicationJjApplicationTemplate
STMicroelectronics.X-CUBE-AI.7.3.00.BSP.instance=USART1
STMicroelectronics.X-CUBE-AI.7.3.00.BSP.ip=USART
STMicroelectronics.X-CUBE-AI.7.3.00.BSP.mode=Asynchronous
STMicroelectronics.X-CUBE-AI.7.3.00.BSP.name=COM Port
STMicroelectronics.X-CUBE-AI.7.3.00.BSP.semaphore=
STMicroelectronics.X-CUBE-AI.7.3.00.BSP.solution=USART1
STMicroelectronics.X-CUBE-AI.7.3.0_SwParameter=ApplicationCcDeviceJjApplication\:SystemPerformance;XAaCUBEAaAICcArtificialOoIntelligenceJjCore\:true;
USART1.IPParameters=VirtualMode
USART1.VirtualMode=VM_ASYNC
VP_CRC_VS_CRC.Mode=CRC_Activate
VP_CRC_VS_CRC.Signal=CRC_VS_CRC
VP_STMicroelectronics.X-CUBE-AI_VS_ArtificialOoIntelligenceJjXAaCUBEAaAI_7.3.0.Mode=ArtificialOoIntelligenceJjXAaCUBEAaAI
VP_STMicroelectronics.X-CUBE-AI_VS_ArtificialOoIntelligenceJjXAaCUBEAaAI_7.3.0.Signal=STMicroelectronics.X-CUBE-AI_VS_ArtificialOoIntelligenceJjXAaCUBEAaAI_7.3.0
VP_STMicroelectronics.X-CUBE-AI_VS_DeviceJjApplication_7.3.0.Mode=DeviceJjApplication
VP_STMicroelectronics.X-CUBE-AI_VS_DeviceJjApplication_7.3.0.Signal=STMicroelectronics.X-CUBE-AI_VS_DeviceJjApplication_7.3.0
VP_SYS_VS_Systick.Mode=SysTick
VP_SYS_VS_Systick.Signal=SYS_VS_Systick
board=custom
