#MicroXplorer Configuration settings - do not modify
CAD.formats=
CAD.pinconfig=
CAD.provider=
File.Version=6
GPIO.groupedBy=Group By Peripherals
I2C3.I2C_Mode=I2C_Fast
I2C3.IPParameters=I2C_Mode
KeepUserPlacement=false
Mcu.CPN=STM32F411RET6
Mcu.Family=STM32F4
Mcu.IP0=CRC
Mcu.IP1=I2C3
Mcu.IP2=NVIC
Mcu.IP3=RCC
Mcu.IP4=SPI1
Mcu.IP5=SYS
Mcu.IP6=USART1
Mcu.IPNb=7
Mcu.Name=STM32F411R(C-E)Tx
Mcu.Package=LQFP64
Mcu.Pin0=PC13-ANTI_TAMP
Mcu.Pin1=PC14-OSC32_IN
Mcu.Pin10=PA14
Mcu.Pin11=PB3
Mcu.Pin12=PB5
Mcu.Pin13=VP_CRC_VS_CRC
Mcu.Pin14=VP_SYS_VS_Systick
Mcu.Pin15=VP_STMicroelectronics.X-CUBE-AI_VS_ArtificialOoIntelligenceJjXAaCUBEAaAI_8.1.0
Mcu.Pin16=VP_STMicroelectronics.X-CUBE-AI_VS_DeviceJjApplication_8.1.0
Mcu.Pin2=PC15-OSC32_OUT
Mcu.Pin3=PH0 - OSC_IN
Mcu.Pin4=PH1 - OSC_OUT
Mcu.Pin5=PC9
Mcu.Pin6=PA8
Mcu.Pin7=PA9
Mcu.Pin8=PA10
Mcu.Pin9=PA13
Mcu.PinsNb=17
Mcu.ThirdParty0=STMicroelectronics.X-CUBE-AI.8.1.0
Mcu.ThirdPartyNb=1
Mcu.UserConstants=
Mcu.UserName=STM32F411RETx
MxCube.Version=6.9.2
MxDb.Version=DB.6.0.92
NVIC.BusFault_IRQn=true\:0\:0\:false\:false\:true\:false\:false\:false
NVIC.DebugMonitor_IRQn=true\:0\:0\:false\:false\:true\:false\:false\:false
NVIC.ForceEnableDMAVector=true
NVIC.HardFault_IRQn=true\:0\:0\:false\:false\:true\:false\:false\:false
NVIC.MemoryManagement_IRQn=true\:0\:0\:false\:false\:true\:false\:false\:false
NVIC.NonMaskableInt_IRQn=true\:0\:0\:false\:false\:true\:false\:false\:false
NVIC.PendSV_IRQn=true\:0\:0\:false\:false\:true\:false\:false\:false
NVIC.PriorityGroup=NVIC_PRIORITYGROUP_4
NVIC.SVCall_IRQn=true\:0\:0\:false\:false\:true\:false\:false\:false
NVIC.SysTick_IRQn=true\:15\:0\:false\:false\:true\:false\:true\:false
NVIC.UsageFault_IRQn=true\:0\:0\:false\:false\:true\:false\:false\:false
PA10.Mode=Asynchronous
PA10.Signal=USART1_RX
PA13.Mode=Serial_Wire
PA13.Signal=SYS_JTMS-SWDIO
PA14.Mode=Serial_Wire
PA14.Signal=SYS_JTCK-SWCLK
PA8.Locked=true
PA8.Mode=I2C
PA8.Signal=I2C3_SCL
PA9.Mode=Asynchronous
PA9.Signal=USART1_TX
PB3.Locked=true
PB3.Mode=TX_Only_Simplex_Unidirect_Master
PB3.Signal=SPI1_SCK
PB5.Locked=true
PB5.Mode=TX_Only_Simplex_Unidirect_Master
PB5.Signal=SPI1_MOSI
PC13-ANTI_TAMP.GPIOParameters=GPIO_Label
PC13-ANTI_TAMP.GPIO_Label=LED_T
PC13-ANTI_TAMP.Locked=true
PC13-ANTI_TAMP.Signal=GPXTI13
PC14-OSC32_IN.Mode=LSE-External-Oscillator
PC14-OSC32_IN.Signal=RCC_OSC32_IN
PC15-OSC32_OUT.Mode=LSE-External-Oscillator
PC15-OSC32_OUT.Signal=RCC_OSC32_OUT
PC9.Locked=true
PC9.Mode=I2C
PC9.Signal=I2C3_SDA
PH0\ -\ OSC_IN.Mode=HSE-External-Oscillator
PH0\ -\ OSC_IN.Signal=RCC_OSC_IN
PH1\ -\ OSC_OUT.Mode=HSE-External-Oscillator
PH1\ -\ OSC_OUT.Signal=RCC_OSC_OUT
PinOutPanel.RotationAngle=0
ProjectManager.AskForMigrate=true
ProjectManager.BackupPrevious=false
ProjectManager.CompilerOptimize=6
ProjectManager.ComputerToolchain=false
ProjectManager.CoupleFile=true
ProjectManager.CustomerFirmwarePackage=
ProjectManager.DefaultFWLocation=true
ProjectManager.DeletePrevious=true
ProjectManager.DeviceId=STM32F411RETx
ProjectManager.FirmwarePackage=STM32Cube FW_F4 V1.27.1
ProjectManager.FreePins=false
ProjectManager.HalAssertFull=false
ProjectManager.HeapSize=0x800
ProjectManager.KeepUserCode=true
ProjectManager.LastFirmware=true
ProjectManager.LibraryCopy=1
ProjectManager.MainLocation=Core/Src
ProjectManager.NoMain=false
ProjectManager.PreviousToolchain=
ProjectManager.ProjectBuild=false
ProjectManager.ProjectFileName=thermal_gesture_h5.ioc
ProjectManager.ProjectName=thermal_gesture_h5
ProjectManager.ProjectStructure=
ProjectManager.RegisterCallBack=
ProjectManager.StackSize=0xE00
ProjectManager.TargetToolchain=MDK-ARM V5.32
ProjectManager.ToolChainLocation=
ProjectManager.UAScriptAfterPath=
ProjectManager.UAScriptBeforePath=
ProjectManager.UnderRoot=false
ProjectManager.functionlistsort=1-SystemClock_Config-RCC-false-HAL-false,2-MX_GPIO_Init-GPIO-false-HAL-true,3-MX_CRC_Init-CRC-false-HAL-true,4-MX_I2C3_Init-I2C3-false-HAL-true,5-MX_SPI1_Init-SPI1-false-HAL-true,6-MX_USART1_UART_Init-USART1-true-HAL-false,7-MX_X_CUBE_AI_Init-STMicroelectronics.X-CUBE-AI.8.1.0-false-HAL-false,8-MX_X_CUBE_AI_Process-STMicroelectronics.X-CUBE-AI.8.1.0-false-HAL-false
RCC.48MHZClocksFreq_Value=28571428.57142857
RCC.AHBFreq_Value=100000000
RCC.APB1CLKDivider=RCC_HCLK_DIV2
RCC.APB1Freq_Value=50000000
RCC.APB1TimFreq_Value=100000000
RCC.APB2Freq_Value=100000000
RCC.APB2TimFreq_Value=100000000
RCC.CortexFreq_Value=100000000
RCC.EthernetFreq_Value=100000000
RCC.FCLKCortexFreq_Value=100000000
RCC.FLatency-AdvancedSettings=FLASH_LATENCY_3
RCC.FamilyName=M
RCC.HCLKFreq_Value=100000000
RCC.HSE_VALUE=25000000
RCC.HSI_VALUE=16000000
RCC.I2SClocksFreq_Value=150000000
RCC.IPParameters=48MHZClocksFreq_Value,AHBFreq_Value,APB1CLKDivider,APB1Freq_Value,APB1TimFreq_Value,APB2Freq_Value,APB2TimFreq_Value,CortexFreq_Value,EthernetFreq_Value,FCLKCortexFreq_Value,FLatency-AdvancedSettings,FamilyName,HCLKFreq_Value,HSE_VALUE,HSI_VALUE,I2SClocksFreq_Value,LSI_VALUE,MCO2PinFreq_Value,PLLCLKFreq_Value,PLLM,PLLMUL,PLLN,PLLQ,PLLQCLKFreq_Value,PLLSourceVirtual,RCC_PLLsource_Clock_Source_FROM_HSE,RTCFreq_Value,RTCHSEDivFreq_Value,SYSCLKFreq_VALUE,SYSCLKSource,SYSCLKSourceVirtual,VCOI2SOutputFreq_Value,VCOInputFreq_Value,VCOInputMFreq_Value,VCOOutputFreq_Value,VcooutputI2S
RCC.LSI_VALUE=32000
RCC.MCO2PinFreq_Value=100000000
RCC.PLLCLKFreq_Value=100000000
RCC.PLLM=12
RCC.PLLMUL=RCC_PLL_MUL9
RCC.PLLN=96
RCC.PLLQ=7
RCC.PLLQCLKFreq_Value=28571428.57142857
RCC.PLLSourceVirtual=RCC_PLLSOURCE_HSE
RCC.RCC_PLLsource_Clock_Source_FROM_HSE=RCC_HSE_PREDIV_DIV2
RCC.RTCFreq_Value=32000
RCC.RTCHSEDivFreq_Value=12500000
RCC.SYSCLKFreq_VALUE=100000000
RCC.SYSCLKSource=RCC_SYSCLKSOURCE_PLLCLK
RCC.SYSCLKSourceVirtual=RCC_SYSCLKSOURCE_PLLCLK
RCC.VCOI2SOutputFreq_Value=300000000
RCC.VCOInputFreq_Value=2083333.3333333333
RCC.VCOInputMFreq_Value=1562500
RCC.VCOOutputFreq_Value=200000000
RCC.VcooutputI2S=150000000
SH.GPXTI13.0=GPIO_EXTI13
SH.GPXTI13.ConfNb=1
SPI1.CLKPhase=SPI_PHASE_2EDGE
SPI1.CLKPolarity=SPI_POLARITY_HIGH
SPI1.CalculateBaudRate=50.0 MBits/s
SPI1.Direction=SPI_DIRECTION_2LINES
SPI1.IPParameters=VirtualType,Mode,Direction,CalculateBaudRate,CLKPolarity,CLKPhase
SPI1.Mode=SPI_MODE_MASTER
SPI1.VirtualType=VM_MASTER
STMicroelectronics.X-CUBE-AI.8.1.0.ActivationBufferSizeList=16584
STMicroelectronics.X-CUBE-AI.8.1.0.ActivationBuffers=pool0
STMicroelectronics.X-CUBE-AI.8.1.0.ActivationNames=pool0
STMicroelectronics.X-CUBE-AI.8.1.0.ActivationSizes=AI_GESTURE_CNN_DATA_ACTIVATION_1_SIZE
STMicroelectronics.X-CUBE-AI.8.1.0.ApplicationCcDeviceJjApplication=SystemPerformance
STMicroelectronics.X-CUBE-AI.8.1.0.ArtificialOoIntelligenceJjXAaCUBEAaAI_Checked=true
STMicroelectronics.X-CUBE-AI.8.1.0.BSP.number=1
STMicroelectronics.X-CUBE-AI.8.1.0.DeviceJjApplication_Checked=true
STMicroelectronics.X-CUBE-AI.8.1.0.HeapSize=0x800
STMicroelectronics.X-CUBE-AI.8.1.0.IPParameters=HeapSize,StackSize,ModelName-9363c89475862a8a55d636617a98a7659e7b1c8fb28f41ddc1b2cc6c505d4419,ModelType-9363c89475862a8a55d636617a98a7659e7b1c8fb28f41ddc1b2cc6c505d4419,ModelKind-9363c89475862a8a55d636617a98a7659e7b1c8fb28f41ddc1b2cc6c505d4419,ModelCompression-9363c89475862a8a55d636617a98a7659e7b1c8fb28f41ddc1b2cc6c505d4419,ModelHashList,ModelNameList,WorkingBufferStartAddrList,LatestDirectoryUsed-9363c89475862a8a55d636617a98a7659e7b1c8fb28f41ddc1b2cc6c505d4419,ModelStructureFile-9363c89475862a8a55d636617a98a7659e7b1c8fb28f41ddc1b2cc6c505d4419,ModelMacc-9363c89475862a8a55d636617a98a7659e7b1c8fb28f41ddc1b2cc6c505d4419,ModelActualCompression-9363c89475862a8a55d636617a98a7659e7b1c8fb28f41ddc1b2cc6c505d4419,ModelRamOccupation-9363c89475862a8a55d636617a98a7659e7b1c8fb28f41ddc1b2cc6c505d4419,ModelFlashOccupation-9363c89475862a8a55d636617a98a7659e7b1c8fb28f41ddc1b2cc6c505d4419,copyWeightToRam,useInputAllocation,useOutputAllocation,customLayerConfigEnabled,optimization,noOnnxIoTranspose,ActivationBuffers,ActivationSizes,ActivationNames,InternalRamActivationBufferMaxSize,ActivationBufferSizeList,MaximumNumberOfInputLayer,MaximumNumberOfOutputLayer,MaximumSizeOfInputLayer,MaximumSizeOfOutputLayer,ReadyForCodeGeneration,copyWeightToRam-9363c89475862a8a55d636617a98a7659e7b1c8fb28f41ddc1b2cc6c505d4419,useInputAllocation-9363c89475862a8a55d636617a98a7659e7b1c8fb28f41ddc1b2cc6c505d4419,useOutputAllocation-9363c89475862a8a55d636617a98a7659e7b1c8fb28f41ddc1b2cc6c505d4419,customLayerConfigEnabled-9363c89475862a8a55d636617a98a7659e7b1c8fb28f41ddc1b2cc6c505d4419,noOnnxIoTranspose-9363c89475862a8a55d636617a98a7659e7b1c8fb28f41ddc1b2cc6c505d4419,XAaCUBEAaAICcArtificialOoIntelligenceJjCore,ApplicationCcDeviceJjApplication
STMicroelectronics.X-CUBE-AI.8.1.0.InternalRamActivationBufferMaxSize=AI_GESTURE_CNN_DATA_ACTIVATIONS_SIZE
STMicroelectronics.X-CUBE-AI.8.1.0.LatestDirectoryUsed-9363c89475862a8a55d636617a98a7659e7b1c8fb28f41ddc1b2cc6c505d4419=E\:\\projects\\programs\\python_codes\\Embedded_things\\thermal
STMicroelectronics.X-CUBE-AI.8.1.0.MaximumNumberOfInputLayer=1
STMicroelectronics.X-CUBE-AI.8.1.0.MaximumNumberOfOutputLayer=1
STMicroelectronics.X-CUBE-AI.8.1.0.MaximumSizeOfInputLayer=1
STMicroelectronics.X-CUBE-AI.8.1.0.MaximumSizeOfOutputLayer=1
STMicroelectronics.X-CUBE-AI.8.1.0.ModelActualCompression-9363c89475862a8a55d636617a98a7659e7b1c8fb28f41ddc1b2cc6c505d4419=0.0
STMicroelectronics.X-CUBE-AI.8.1.0.ModelCompression-9363c89475862a8a55d636617a98a7659e7b1c8fb28f41ddc1b2cc6c505d4419=None
STMicroelectronics.X-CUBE-AI.8.1.0.ModelFlashOccupation-9363c89475862a8a55d636617a98a7659e7b1c8fb28f41ddc1b2cc6c505d4419=28038
STMicroelectronics.X-CUBE-AI.8.1.0.ModelHashList=9363c89475862a8a55d636617a98a7659e7b1c8fb28f41ddc1b2cc6c505d4419
STMicroelectronics.X-CUBE-AI.8.1.0.ModelKind-9363c89475862a8a55d636617a98a7659e7b1c8fb28f41ddc1b2cc6c505d4419=KERAS
STMicroelectronics.X-CUBE-AI.8.1.0.ModelMacc-9363c89475862a8a55d636617a98a7659e7b1c8fb28f41ddc1b2cc6c505d4419=92248
STMicroelectronics.X-CUBE-AI.8.1.0.ModelName-9363c89475862a8a55d636617a98a7659e7b1c8fb28f41ddc1b2cc6c505d4419=gesture_cnn
STMicroelectronics.X-CUBE-AI.8.1.0.ModelNameList=gesture_cnn
STMicroelectronics.X-CUBE-AI.8.1.0.ModelRamOccupation-9363c89475862a8a55d636617a98a7659e7b1c8fb28f41ddc1b2cc6c505d4419=16584
STMicroelectronics.X-CUBE-AI.8.1.0.ModelStructureFile-9363c89475862a8a55d636617a98a7659e7b1c8fb28f41ddc1b2cc6c505d4419=E\:\\projects\\programs\\python_codes\\Embedded_things\\thermal\\gesture.h5
STMicroelectronics.X-CUBE-AI.8.1.0.ModelType-9363c89475862a8a55d636617a98a7659e7b1c8fb28f41ddc1b2cc6c505d4419=Saved model
STMicroelectronics.X-CUBE-AI.8.1.0.ReadyForCodeGeneration=true
STMicroelectronics.X-CUBE-AI.8.1.0.StackSize=0xE00
STMicroelectronics.X-CUBE-AI.8.1.0.WorkingBufferStartAddrList=0xFFFFFFFF
STMicroelectronics.X-CUBE-AI.8.1.0.XAaCUBEAaAICcArtificialOoIntelligenceJjCore=true
STMicroelectronics.X-CUBE-AI.8.1.0.copyWeightToRam=false
STMicroelectronics.X-CUBE-AI.8.1.0.copyWeightToRam-9363c89475862a8a55d636617a98a7659e7b1c8fb28f41ddc1b2cc6c505d4419=false
STMicroelectronics.X-CUBE-AI.8.1.0.customLayerConfigEnabled=false
STMicroelectronics.X-CUBE-AI.8.1.0.customLayerConfigEnabled-9363c89475862a8a55d636617a98a7659e7b1c8fb28f41ddc1b2cc6c505d4419=false
STMicroelectronics.X-CUBE-AI.8.1.0.noOnnxIoTranspose=false
STMicroelectronics.X-CUBE-AI.8.1.0.noOnnxIoTranspose-9363c89475862a8a55d636617a98a7659e7b1c8fb28f41ddc1b2cc6c505d4419=false
STMicroelectronics.X-CUBE-AI.8.1.0.optimization=time
STMicroelectronics.X-CUBE-AI.8.1.0.useInputAllocation=true
STMicroelectronics.X-CUBE-AI.8.1.0.useInputAllocation-9363c89475862a8a55d636617a98a7659e7b1c8fb28f41ddc1b2cc6c505d4419=true
STMicroelectronics.X-CUBE-AI.8.1.0.useOutputAllocation=true
STMicroelectronics.X-CUBE-AI.8.1.0.useOutputAllocation-9363c89475862a8a55d636617a98a7659e7b1c8fb28f41ddc1b2cc6c505d4419=true
STMicroelectronics.X-CUBE-AI.8.1.00.BSP.STBoard=false
STMicroelectronics.X-CUBE-AI.8.1.00.BSP.api=Unknown
STMicroelectronics.X-CUBE-AI.8.1.00.BSP.component=
STMicroelectronics.X-CUBE-AI.8.1.00.BSP.condition=\!SEMDeviceJjApplicationJjApplicationTemplate
STMicroelectronics.X-CUBE-AI.8.1.00.BSP.instance=USART1
STMicroelectronics.X-CUBE-AI.8.1.00.BSP.ip=USART
STMicroelectronics.X-CUBE-AI.8.1.00.BSP.mode=Asynchronous
STMicroelectronics.X-CUBE-AI.8.1.00.BSP.name=COM Port
STMicroelectronics.X-CUBE-AI.8.1.00.BSP.semaphore=
STMicroelectronics.X-CUBE-AI.8.1.00.BSP.solution=USART1
STMicroelectronics.X-CUBE-AI.8.1.0_SwParameter=ApplicationCcDeviceJjApplication\:SystemPerformance;XAaCUBEAaAICcArtificialOoIntelligenceJjCore\:true;
USART1.IPParameters=VirtualMode
USART1.VirtualMode=VM_ASYNC
VP_CRC_VS_CRC.Mode=CRC_Activate
VP_CRC_VS_CRC.Signal=CRC_VS_CRC
VP_STMicroelectronics.X-CUBE-AI_VS_ArtificialOoIntelligenceJjXAaCUBEAaAI_8.1.0.Mode=ArtificialOoIntelligenceJjXAaCUBEAaAI
VP_STMicroelectronics.X-CUBE-AI_VS_ArtificialOoIntelligenceJjXAaCUBEAaAI_8.1.0.Signal=STMicroelectronics.X-CUBE-AI_VS_ArtificialOoIntelligenceJjXAaCUBEAaAI_8.1.0
VP_STMicroelectronics.X-CUBE-AI_VS_DeviceJjApplication_8.1.0.Mode=DeviceJjApplication
VP_STMicroelectronics.X-CUBE-AI_VS_DeviceJjApplication_8.1.0.Signal=STMicroelectronics.X-CUBE-AI_VS_DeviceJjApplication_8.1.0
VP_SYS_VS_Systick.Mode=SysTick
VP_SYS_VS_Systick.Signal=SYS_VS_Systick
board=custom
